
Microsoft Visual Studio Solution File, Format Version 12.00
# Visual Studio Version 16
VisualStudioVersion = 16.0.31205.134
MinimumVisualStudioVersion = 10.0.40219.1
Project("{8BC9CEB8-8B4A-11D0-8D11-00A0C91BC942}") = "PCANBasicExample", "PCANBasicExample.vcxproj", "{09CE4FF6-70FF-4660-B948-5ED2AB22F20A}"
EndProject
Global
	GlobalSection(SolutionConfigurationPlatforms) = preSolution
		Debug|x64 = Debug|x64
		Debug|x86 = Debug|x86
		Release|x64 = Release|x64
		Release|x86 = Release|x86
	EndGlobalSection
	GlobalSection(ProjectConfigurationPlatforms) = postSolution
		{09CE4FF6-70FF-4660-B948-5ED2AB22F20A}.Debug|x64.ActiveCfg = Debug|x64
		{09CE4FF6-70FF-4660-B948-5ED2AB22F20A}.Debug|x64.Build.0 = Debug|x64
		{09CE4FF6-70FF-4660-B948-5ED2AB22F20A}.Debug|x86.ActiveCfg = Debug|Win32
		{09CE4FF6-70FF-4660-B948-5ED2AB22F20A}.Debug|x86.Build.0 = Debug|Win32
		{09CE4FF6-70FF-4660-B948-5ED2AB22F20A}.Release|x64.ActiveCfg = Release|x64
		{09CE4FF6-70FF-4660-B948-5ED2AB22F20A}.Release|x64.Build.0 = Release|x64
		{09CE4FF6-70FF-4660-B948-5ED2AB22F20A}.Release|x86.ActiveCfg = Release|Win32
		{09CE4FF6-70FF-4660-B948-5ED2AB22F20A}.Release|x86.Build.0 = Release|Win32
	EndGlobalSection
	GlobalSection(SolutionProperties) = preSolution
		HideSolutionNode = FALSE
	EndGlobalSection
	GlobalSection(ExtensibilityGlobals) = postSolution
		SolutionGuid = {807575AB-4B76-440E-8F61-9FD518902E48}
	EndGlobalSection
EndGlobal
